
Microsoft Visual Studio Solution File, Format Version 12.00
# Visual Studio 15
VisualStudioVersion = 15.0.26730.15
MinimumVisualStudioVersion = 10.0.40219.1
Project("{9A19103F-16F7-4668-BE54-9A1E7A4F7556}") = "HiProgram", "HiProgram\HiProgram.csproj", "{CD96B0E4-F7B0-411E-81CF-7C8A994A2013}"
EndProject
Project("{9A19103F-16F7-4668-BE54-9A1E7A4F7556}") = "AgeAfter10Years", "AgeAfter10Years\AgeAfter10Years.csproj", "{1384AD7E-6CF7-4A3E-B288-454EC36E28AF}"
EndProject
Project("{9A19103F-16F7-4668-BE54-9A1E7A4F7556}") = "MyUniqueNumber", "MyUniqueNumber\MyUniqueNumber.csproj", "{B6984AB6-9A6D-4B30-A103-5D4E17A21962}"
EndProject
Project("{9A19103F-16F7-4668-BE54-9A1E7A4F7556}") = "4thDigit", "4thDigit\4thDigit.csproj", "{D86AE956-06A8-4775-911B-2698DE35A0F5}"
EndProject
Project("{9A19103F-16F7-4668-BE54-9A1E7A4F7556}") = "TravelingToSunWithSoundSpeed", "TravelingToSunWithSoundSpeed\TravelingToSunWithSoundSpeed.csproj", "{0DC84E51-3D3A-4D37-A0C6-6B5CDB30010D}"
EndProject
Project("{9A19103F-16F7-4668-BE54-9A1E7A4F7556}") = "CalculateWeightInTheSolarSystem", "CalculateWeightInTheSolarSystem\CalculateWeightInTheSolarSystem.csproj", "{104D66F3-D875-48ED-84CB-B2C7AE4DC4B6}"
EndProject
Project("{9A19103F-16F7-4668-BE54-9A1E7A4F7556}") = "DecartCoordinates", "DecartCoordinates\DecartCoordinates.csproj", "{965149DF-F563-49B5-AD42-EC64AFE131FC}"
EndProject
Project("{9A19103F-16F7-4668-BE54-9A1E7A4F7556}") = "BusTicketLuckyNumbers", "BusTicketLuckyNumbers\BusTicketLuckyNumbers.csproj", "{A3DFFBF5-EBED-426C-85E0-C4791C87061F}"
EndProject
Project("{9A19103F-16F7-4668-BE54-9A1E7A4F7556}") = "Miser Piggy", "Miser Piggy\Miser Piggy.csproj", "{B89D1A69-5791-4EFB-81B0-AD4DE1463581}"
EndProject
Project("{9A19103F-16F7-4668-BE54-9A1E7A4F7556}") = "SimpleDeckOfCards", "SimpleDeckOfCards\SimpleDeckOfCards.csproj", "{D1336546-E184-4FC8-92AA-67F4BD759C67}"
EndProject
Project("{9A19103F-16F7-4668-BE54-9A1E7A4F7556}") = "GetMаx", "GetMаx\GetMаx.csproj", "{2BE98732-2FCC-4F22-8FA8-4B2117511AAE}"
EndProject
Project("{9A19103F-16F7-4668-BE54-9A1E7A4F7556}") = "GeometryCalculator", "GeometryCalculator\GeometryCalculator.csproj", "{E68AE821-182E-4EBE-8ABB-8E72ECB0523D}"
EndProject
Project("{9A19103F-16F7-4668-BE54-9A1E7A4F7556}") = "StudentsNamesSum", "StudentsNamesSum\StudentsNamesSum.csproj", "{9807BF34-DF5F-4BEE-A818-9B3680F59104}"
EndProject
Project("{FAE04EC0-301F-11D3-BF4B-00C04F79EFBC}") = "Circle Area", "Circle Area\Circle Area.csproj", "{B7493FC3-B4CE-4D7F-84CB-0D0752BDF0A4}"
EndProject
Project("{FAE04EC0-301F-11D3-BF4B-00C04F79EFBC}") = "Average Number", "Average Number\Average Number.csproj", "{00920B5F-F7AD-475C-A7EE-856AE244E35D}"
EndProject
Project("{FAE04EC0-301F-11D3-BF4B-00C04F79EFBC}") = "PiggyBank", "PiggyBank\PiggyBank.csproj", "{3C0E8680-B3E1-41AA-8CB6-7225A08DBD4A}"
EndProject
Project("{FAE04EC0-301F-11D3-BF4B-00C04F79EFBC}") = "Calculator", "Calculator\Calculator.csproj", "{42264043-0C9A-4633-A15F-4A44DD6FC855}"
EndProject
Global
	GlobalSection(SolutionConfigurationPlatforms) = preSolution
		Debug|Any CPU = Debug|Any CPU
		Release|Any CPU = Release|Any CPU
	EndGlobalSection
	GlobalSection(ProjectConfigurationPlatforms) = postSolution
		{CD96B0E4-F7B0-411E-81CF-7C8A994A2013}.Debug|Any CPU.ActiveCfg = Debug|Any CPU
		{CD96B0E4-F7B0-411E-81CF-7C8A994A2013}.Debug|Any CPU.Build.0 = Debug|Any CPU
		{CD96B0E4-F7B0-411E-81CF-7C8A994A2013}.Release|Any CPU.ActiveCfg = Release|Any CPU
		{CD96B0E4-F7B0-411E-81CF-7C8A994A2013}.Release|Any CPU.Build.0 = Release|Any CPU
		{1384AD7E-6CF7-4A3E-B288-454EC36E28AF}.Debug|Any CPU.ActiveCfg = Debug|Any CPU
		{1384AD7E-6CF7-4A3E-B288-454EC36E28AF}.Debug|Any CPU.Build.0 = Debug|Any CPU
		{1384AD7E-6CF7-4A3E-B288-454EC36E28AF}.Release|Any CPU.ActiveCfg = Release|Any CPU
		{1384AD7E-6CF7-4A3E-B288-454EC36E28AF}.Release|Any CPU.Build.0 = Release|Any CPU
		{B6984AB6-9A6D-4B30-A103-5D4E17A21962}.Debug|Any CPU.ActiveCfg = Debug|Any CPU
		{B6984AB6-9A6D-4B30-A103-5D4E17A21962}.Debug|Any CPU.Build.0 = Debug|Any CPU
		{B6984AB6-9A6D-4B30-A103-5D4E17A21962}.Release|Any CPU.ActiveCfg = Release|Any CPU
		{B6984AB6-9A6D-4B30-A103-5D4E17A21962}.Release|Any CPU.Build.0 = Release|Any CPU
		{D86AE956-06A8-4775-911B-2698DE35A0F5}.Debug|Any CPU.ActiveCfg = Debug|Any CPU
		{D86AE956-06A8-4775-911B-2698DE35A0F5}.Debug|Any CPU.Build.0 = Debug|Any CPU
		{D86AE956-06A8-4775-911B-2698DE35A0F5}.Release|Any CPU.ActiveCfg = Release|Any CPU
		{D86AE956-06A8-4775-911B-2698DE35A0F5}.Release|Any CPU.Build.0 = Release|Any CPU
		{0DC84E51-3D3A-4D37-A0C6-6B5CDB30010D}.Debug|Any CPU.ActiveCfg = Debug|Any CPU
		{0DC84E51-3D3A-4D37-A0C6-6B5CDB30010D}.Debug|Any CPU.Build.0 = Debug|Any CPU
		{0DC84E51-3D3A-4D37-A0C6-6B5CDB30010D}.Release|Any CPU.ActiveCfg = Release|Any CPU
		{0DC84E51-3D3A-4D37-A0C6-6B5CDB30010D}.Release|Any CPU.Build.0 = Release|Any CPU
		{104D66F3-D875-48ED-84CB-B2C7AE4DC4B6}.Debug|Any CPU.ActiveCfg = Debug|Any CPU
		{104D66F3-D875-48ED-84CB-B2C7AE4DC4B6}.Debug|Any CPU.Build.0 = Debug|Any CPU
		{104D66F3-D875-48ED-84CB-B2C7AE4DC4B6}.Release|Any CPU.ActiveCfg = Release|Any CPU
		{104D66F3-D875-48ED-84CB-B2C7AE4DC4B6}.Release|Any CPU.Build.0 = Release|Any CPU
		{965149DF-F563-49B5-AD42-EC64AFE131FC}.Debug|Any CPU.ActiveCfg = Debug|Any CPU
		{965149DF-F563-49B5-AD42-EC64AFE131FC}.Debug|Any CPU.Build.0 = Debug|Any CPU
		{965149DF-F563-49B5-AD42-EC64AFE131FC}.Release|Any CPU.ActiveCfg = Release|Any CPU
		{965149DF-F563-49B5-AD42-EC64AFE131FC}.Release|Any CPU.Build.0 = Release|Any CPU
		{A3DFFBF5-EBED-426C-85E0-C4791C87061F}.Debug|Any CPU.ActiveCfg = Debug|Any CPU
		{A3DFFBF5-EBED-426C-85E0-C4791C87061F}.Debug|Any CPU.Build.0 = Debug|Any CPU
		{A3DFFBF5-EBED-426C-85E0-C4791C87061F}.Release|Any CPU.ActiveCfg = Release|Any CPU
		{A3DFFBF5-EBED-426C-85E0-C4791C87061F}.Release|Any CPU.Build.0 = Release|Any CPU
		{B89D1A69-5791-4EFB-81B0-AD4DE1463581}.Debug|Any CPU.ActiveCfg = Debug|Any CPU
		{B89D1A69-5791-4EFB-81B0-AD4DE1463581}.Debug|Any CPU.Build.0 = Debug|Any CPU
		{B89D1A69-5791-4EFB-81B0-AD4DE1463581}.Release|Any CPU.ActiveCfg = Release|Any CPU
		{B89D1A69-5791-4EFB-81B0-AD4DE1463581}.Release|Any CPU.Build.0 = Release|Any CPU
		{D1336546-E184-4FC8-92AA-67F4BD759C67}.Debug|Any CPU.ActiveCfg = Debug|Any CPU
		{D1336546-E184-4FC8-92AA-67F4BD759C67}.Debug|Any CPU.Build.0 = Debug|Any CPU
		{D1336546-E184-4FC8-92AA-67F4BD759C67}.Release|Any CPU.ActiveCfg = Release|Any CPU
		{D1336546-E184-4FC8-92AA-67F4BD759C67}.Release|Any CPU.Build.0 = Release|Any CPU
		{2BE98732-2FCC-4F22-8FA8-4B2117511AAE}.Debug|Any CPU.ActiveCfg = Debug|Any CPU
		{2BE98732-2FCC-4F22-8FA8-4B2117511AAE}.Debug|Any CPU.Build.0 = Debug|Any CPU
		{2BE98732-2FCC-4F22-8FA8-4B2117511AAE}.Release|Any CPU.ActiveCfg = Release|Any CPU
		{2BE98732-2FCC-4F22-8FA8-4B2117511AAE}.Release|Any CPU.Build.0 = Release|Any CPU
		{E68AE821-182E-4EBE-8ABB-8E72ECB0523D}.Debug|Any CPU.ActiveCfg = Debug|Any CPU
		{E68AE821-182E-4EBE-8ABB-8E72ECB0523D}.Debug|Any CPU.Build.0 = Debug|Any CPU
		{E68AE821-182E-4EBE-8ABB-8E72ECB0523D}.Release|Any CPU.ActiveCfg = Release|Any CPU
		{E68AE821-182E-4EBE-8ABB-8E72ECB0523D}.Release|Any CPU.Build.0 = Release|Any CPU
		{9807BF34-DF5F-4BEE-A818-9B3680F59104}.Debug|Any CPU.ActiveCfg = Debug|Any CPU
		{9807BF34-DF5F-4BEE-A818-9B3680F59104}.Debug|Any CPU.Build.0 = Debug|Any CPU
		{9807BF34-DF5F-4BEE-A818-9B3680F59104}.Release|Any CPU.ActiveCfg = Release|Any CPU
		{9807BF34-DF5F-4BEE-A818-9B3680F59104}.Release|Any CPU.Build.0 = Release|Any CPU
		{B7493FC3-B4CE-4D7F-84CB-0D0752BDF0A4}.Debug|Any CPU.ActiveCfg = Debug|Any CPU
		{B7493FC3-B4CE-4D7F-84CB-0D0752BDF0A4}.Debug|Any CPU.Build.0 = Debug|Any CPU
		{B7493FC3-B4CE-4D7F-84CB-0D0752BDF0A4}.Release|Any CPU.ActiveCfg = Release|Any CPU
		{B7493FC3-B4CE-4D7F-84CB-0D0752BDF0A4}.Release|Any CPU.Build.0 = Release|Any CPU
		{00920B5F-F7AD-475C-A7EE-856AE244E35D}.Debug|Any CPU.ActiveCfg = Debug|Any CPU
		{00920B5F-F7AD-475C-A7EE-856AE244E35D}.Debug|Any CPU.Build.0 = Debug|Any CPU
		{00920B5F-F7AD-475C-A7EE-856AE244E35D}.Release|Any CPU.ActiveCfg = Release|Any CPU
		{00920B5F-F7AD-475C-A7EE-856AE244E35D}.Release|Any CPU.Build.0 = Release|Any CPU
		{3C0E8680-B3E1-41AA-8CB6-7225A08DBD4A}.Debug|Any CPU.ActiveCfg = Debug|Any CPU
		{3C0E8680-B3E1-41AA-8CB6-7225A08DBD4A}.Debug|Any CPU.Build.0 = Debug|Any CPU
		{3C0E8680-B3E1-41AA-8CB6-7225A08DBD4A}.Release|Any CPU.ActiveCfg = Release|Any CPU
		{3C0E8680-B3E1-41AA-8CB6-7225A08DBD4A}.Release|Any CPU.Build.0 = Release|Any CPU
		{42264043-0C9A-4633-A15F-4A44DD6FC855}.Debug|Any CPU.ActiveCfg = Debug|Any CPU
		{42264043-0C9A-4633-A15F-4A44DD6FC855}.Debug|Any CPU.Build.0 = Debug|Any CPU
		{42264043-0C9A-4633-A15F-4A44DD6FC855}.Release|Any CPU.ActiveCfg = Release|Any CPU
		{42264043-0C9A-4633-A15F-4A44DD6FC855}.Release|Any CPU.Build.0 = Release|Any CPU
	EndGlobalSection
	GlobalSection(SolutionProperties) = preSolution
		HideSolutionNode = FALSE
	EndGlobalSection
	GlobalSection(ExtensibilityGlobals) = postSolution
		SolutionGuid = {34BA955F-D284-49A9-A1C2-07C9E92768E2}
	EndGlobalSection
EndGlobal
